github.com/sunshineplan/database/mongodb v1.0.4 h1:LQFMN3eNnRQccfiALFP2YAn36Ozo6viNWfxGSZcogCk=
github.com/sunshineplan/database/mongodb v1.0.4/go.mod h1:nAe7RUd55h9xuFWeZsewNGjYfRGu5NTntPRrVTgOoqM=
github.com/sunshineplan/gohttp v1.0.5 h1:wScgs9Bl0a8rafLXPeNnNsMTG3qn5LNWkoWvkKvaP4s=
github.com/sunshineplan/gohttp v1.0.5/go.mod h1:zSxRKlkbXY/5yRDQsrV3dXGCQBZNp1t4QqC5LHkg3bg=
github.com/sunshineplan/utils v0.1.5 h1:13Zxnil/vh0l3OBZjoudAkZCczWOEE1LAQvIOwMAgng=
github.com/sunshineplan/utils v0.1.5/go.mod h1:HfKwfZdb8gYzo451GrkSqdNQE6xVRtdLJ6gZV5XRaC4=
golang.org/x/net v0.0.0-20220812174116-3211cb980234 h1:RDqmgfe7SvlMWoqC3xwQ2blLO3fcWcxMa3eBLRdRW7E=
golang.org/x/net v0.0.0-20220812174116-3211cb980234/go.mod h1:YDH+HFinaLZZlnHAfSS6ZXJJ9M9t4Dl22yv3iI2vPwk=
