github.com/davecgh/go-spew v1.1.1 h1:vj9j/u1bqnvCEfJOwUhtlOARqs3+rkHYY13jYWTU97c=
github.com/davecgh/go-spew v1.1.1/go.mod h1:J7Y8YcW2NihsgmVo/mv3lAwl/skON4iLHjSsI+c5H38=
github.com/google/go-cmp v0.6.0 h1:ofyhxvXcZhMsU5ulbFiLKl/XBFqE1GSq7atu8tAmTRI=
github.com/google/go-cmp v0.6.0/go.mod h1:17dUlkBOakJ0+DkrSSNjCkIjxS6bF9zb3elmeNGIjoY=
github.com/sunshineplan/database/mongodb v1.0.13 h1:5IOQ7Cttt6x/Y9SK6GUjadEWEzcqjniGQSnp8lVMtBA=
github.com/sunshineplan/database/mongodb v1.0.13/go.mod h1:QwFdost3axzx9jIy17YTdneBYeXyTBOkK3eHVESjqSc=
github.com/sunshineplan/gohttp v1.0.11 h1:xKkk8w72lmeXuNuEhCtroj+Jq+NQ3gwvW9edOa8kGtk=
github.com/sunshineplan/gohttp v1.0.11/go.mod h1:gDCAVkkqNsjImob+t9qUD5CHXrBwhXGmH/w4yoagqFQ=
github.com/sunshineplan/utils v0.1.77 h1:hDJtJahnkzvJ39L0GMc7mGFcZPjwYIbRcSwX3wPNVbM=
github.com/sunshineplan/utils v0.1.77/go.mod h1:R7MInPRKnExzzNGJ9qY1W0+11P/3jc6IO5ICuGDPA1w=
go.mongodb.org/mongo-driver/v2 v2.0.0-beta2 h1:PRtbRKwblE8ZfI8qOhofcjn9y8CmKZI7trS5vDMeJX0=
go.mongodb.org/mongo-driver/v2 v2.0.0-beta2/go.mod h1:UGLb3ZgEzaY0cCbJpH9UFt9B6gEXiTPzsnJS38nBeoU=
golang.org/x/net v0.38.0 h1:vRMAPTMaeGqVhG5QyLJHqNDwecKTomGeqbnfZyKlBI8=
golang.org/x/net v0.38.0/go.mod h1:ivrbrMbzFq5J41QOQh0siUuly180yBYtLp+CKbEaFx8=
golang.org/x/text v0.23.0 h1:D71I7dUrlY+VX0gQShAThNGHFxZ13dGLBHQLVl1mJlY=
golang.org/x/text v0.23.0/go.mod h1:/BLNzu4aZCJ1+kcD0DNRotWKage4q2rGVAg4o22unh4=
